// !$*UTF8*$!
{
	archiveVersion = 1;
	classes = {
	};
	objectVersion = 46;
	objects = {

/* Begin PBXBuildFile section */
		5339743B1D0B55F700BAA488 /* DogPenAnnotations.swift in Sources */ = {isa = PBXBuildFile; fileRef = 5339743A1D0B55F700BAA488 /* DogPenAnnotations.swift */; };
		5339743D1D0B56E900BAA488 /* DogPennAnnotationView.swift in Sources */ = {isa = PBXBuildFile; fileRef = 5339743C1D0B56E900BAA488 /* DogPennAnnotationView.swift */; };
		53D999111D0765F3009ABC4F /* DogPen.plist in Resources */ = {isa = PBXBuildFile; fileRef = 53D999101D0765F3009ABC4F /* DogPen.plist */; };
		53D999151D0767A4009ABC4F /* DogPenModel.swift in Sources */ = {isa = PBXBuildFile; fileRef = 53D999141D0767A4009ABC4F /* DogPenModel.swift */; };
		53D999191D07908B009ABC4F /* DogPenOverlayView.swift in Sources */ = {isa = PBXBuildFile; fileRef = 53D999171D07908B009ABC4F /* DogPenOverlayView.swift */; };
		53D9991A1D07908B009ABC4F /* DogPenOverlay.swift in Sources */ = {isa = PBXBuildFile; fileRef = 53D999181D07908B009ABC4F /* DogPenOverlay.swift */; };
		53FF6EE71D0759EB009FA550 /* AppDelegate.swift in Sources */ = {isa = PBXBuildFile; fileRef = 53FF6EE61D0759EB009FA550 /* AppDelegate.swift */; };
		53FF6EE91D0759EB009FA550 /* ViewController.swift in Sources */ = {isa = PBXBuildFile; fileRef = 53FF6EE81D0759EB009FA550 /* ViewController.swift */; };
		53FF6EEC1D0759EB009FA550 /* Main.storyboard in Resources */ = {isa = PBXBuildFile; fileRef = 53FF6EEA1D0759EB009FA550 /* Main.storyboard */; };
		53FF6EEE1D0759EB009FA550 /* Assets.xcassets in Resources */ = {isa = PBXBuildFile; fileRef = 53FF6EED1D0759EB009FA550 /* Assets.xcassets */; };
		53FF6EF11D0759EB009FA550 /* LaunchScreen.storyboard in Resources */ = {isa = PBXBuildFile; fileRef = 53FF6EEF1D0759EB009FA550 /* LaunchScreen.storyboard */; };
/* End PBXBuildFile section */

/* Begin PBXFileReference section */
		5339743A1D0B55F700BAA488 /* DogPenAnnotations.swift */ = {isa = PBXFileReference; fileEncoding = 4; lastKnownFileType = sourcecode.swift; path = DogPenAnnotations.swift; sourceTree = "<group>"; };
		5339743C1D0B56E900BAA488 /* DogPennAnnotationView.swift */ = {isa = PBXFileReference; fileEncoding = 4; lastKnownFileType = sourcecode.swift; path = DogPennAnnotationView.swift; sourceTree = "<group>"; };
		53D999101D0765F3009ABC4F /* DogPen.plist */ = {isa = PBXFileReference; fileEncoding = 4; lastKnownFileType = text.plist.xml; path = DogPen.plist; sourceTree = "<group>"; };
		53D999141D0767A4009ABC4F /* DogPenModel.swift */ = {isa = PBXFileReference; fileEncoding = 4; lastKnownFileType = sourcecode.swift; path = DogPenModel.swift; sourceTree = "<group>"; };
		53D999171D07908B009ABC4F /* DogPenOverlayView.swift */ = {isa = PBXFileReference; fileEncoding = 4; lastKnownFileType = sourcecode.swift; path = DogPenOverlayView.swift; sourceTree = "<group>"; };
		53D999181D07908B009ABC4F /* DogPenOverlay.swift */ = {isa = PBXFileReference; fileEncoding = 4; lastKnownFileType = sourcecode.swift; path = DogPenOverlay.swift; sourceTree = "<group>"; };
		53FF6EE31D0759EA009FA550 /* DogPen.app */ = {isa = PBXFileReference; explicitFileType = wrapper.application; includeInIndex = 0; path = DogPen.app; sourceTree = BUILT_PRODUCTS_DIR; };
		53FF6EE61D0759EB009FA550 /* AppDelegate.swift */ = {isa = PBXFileReference; lastKnownFileType = sourcecode.swift; path = AppDelegate.swift; sourceTree = "<group>"; };
		53FF6EE81D0759EB009FA550 /* ViewController.swift */ = {isa = PBXFileReference; lastKnownFileType = sourcecode.swift; path = ViewController.swift; sourceTree = "<group>"; };
		53FF6EEB1D0759EB009FA550 /* Base */ = {isa = PBXFileReference; lastKnownFileType = file.storyboard; name = Base; path = Base.lproj/Main.storyboard; sourceTree = "<group>"; };
		53FF6EED1D0759EB009FA550 /* Assets.xcassets */ = {isa = PBXFileReference; lastKnownFileType = folder.assetcatalog; path = Assets.xcassets; sourceTree = "<group>"; };
		53FF6EF01D0759EB009FA550 /* Base */ = {isa = PBXFileReference; lastKnownFileType = file.storyboard; name = Base; path = Base.lproj/LaunchScreen.storyboard; sourceTree = "<group>"; };
		53FF6EF21D0759EB009FA550 /* Info.plist */ = {isa = PBXFileReference; lastKnownFileType = text.plist.xml; path = Info.plist; sourceTree = "<group>"; };
/* End PBXFileReference section */

/* Begin PBXFrameworksBuildPhase section */
		53FF6EE01D0759EA009FA550 /* Frameworks */ = {
			isa = PBXFrameworksBuildPhase;
			buildActionMask = 2147483647;
			files = (
			);
			runOnlyForDeploymentPostprocessing = 0;
		};
/* End PBXFrameworksBuildPhase section */

/* Begin PBXGroup section */
		53D999161D079075009ABC4F /* Overlays */ = {
			isa = PBXGroup;
			children = (
				53D999171D07908B009ABC4F /* DogPenOverlayView.swift */,
				53D999181D07908B009ABC4F /* DogPenOverlay.swift */,
			);
			name = Overlays;
			sourceTree = "<group>";
		};
		53FF6EDA1D0759EA009FA550 = {
			isa = PBXGroup;
			children = (
				53FF6EE51D0759EB009FA550 /* DogPen */,
				53FF6EE41D0759EA009FA550 /* Products */,
			);
			sourceTree = "<group>";
		};
		53FF6EE41D0759EA009FA550 /* Products */ = {
			isa = PBXGroup;
			children = (
				53FF6EE31D0759EA009FA550 /* DogPen.app */,
			);
			name = Products;
			sourceTree = "<group>";
		};
		53FF6EE51D0759EB009FA550 /* DogPen */ = {
			isa = PBXGroup;
			children = (
				53D999161D079075009ABC4F /* Overlays */,
				53FF6EFA1D0764EB009FA550 /* Model */,
				53FF6EF91D0764D5009FA550 /* View */,
				53FF6EF81D0764C9009FA550 /* Controller */,
				53FF6EED1D0759EB009FA550 /* Assets.xcassets */,
				53FF6EFB1D076514009FA550 /* SupportingFiles */,
			);
			path = DogPen;
			sourceTree = "<group>";
		};
		53FF6EF81D0764C9009FA550 /* Controller */ = {
			isa = PBXGroup;
			children = (
				53FF6EE81D0759EB009FA550 /* ViewController.swift */,
			);
			name = Controller;
			sourceTree = "<group>";
		};
		53FF6EF91D0764D5009FA550 /* View */ = {
			isa = PBXGroup;
			children = (
				53FF6EEF1D0759EB009FA550 /* LaunchScreen.storyboard */,
				53FF6EEA1D0759EB009FA550 /* Main.storyboard */,
				5339743C1D0B56E900BAA488 /* DogPennAnnotationView.swift */,
			);
			name = View;
			sourceTree = "<group>";
		};
		53FF6EFA1D0764EB009FA550 /* Model */ = {
			isa = PBXGroup;
			children = (
				53D999141D0767A4009ABC4F /* DogPenModel.swift */,
				5339743A1D0B55F700BAA488 /* DogPenAnnotations.swift */,
			);
			name = Model;
			sourceTree = "<group>";
		};
		53FF6EFB1D076514009FA550 /* SupportingFiles */ = {
			isa = PBXGroup;
			children = (
				53FF6EE61D0759EB009FA550 /* AppDelegate.swift */,
				53FF6EF21D0759EB009FA550 /* Info.plist */,
				53D999101D0765F3009ABC4F /* DogPen.plist */,
			);
			name = SupportingFiles;
			sourceTree = "<group>";
		};
/* End PBXGroup section */

/* Begin PBXNativeTarget section */
		53FF6EE21D0759EA009FA550 /* DogPen */ = {
			isa = PBXNativeTarget;
			buildConfigurationList = 53FF6EF51D0759EB009FA550 /* Build configuration list for PBXNativeTarget "DogPen" */;
			buildPhases = (
				53FF6EDF1D0759EA009FA550 /* Sources */,
				53FF6EE01D0759EA009FA550 /* Frameworks */,
				53FF6EE11D0759EA009FA550 /* Resources */,
			);
			buildRules = (
			);
			dependencies = (
			);
			name = DogPen;
			productName = DogPen;
			productReference = 53FF6EE31D0759EA009FA550 /* DogPen.app */;
			productType = "com.apple.product-type.application";
		};
/* End PBXNativeTarget section */

/* Begin PBXProject section */
		53FF6EDB1D0759EA009FA550 /* Project object */ = {
			isa = PBXProject;
			attributes = {
				LastSwiftUpdateCheck = 0730;
				LastUpgradeCheck = 0730;
				ORGANIZATIONNAME = "Keith Russell";
				TargetAttributes = {
					53FF6EE21D0759EA009FA550 = {
						CreatedOnToolsVersion = 7.3.1;
					};
				};
			};
			buildConfigurationList = 53FF6EDE1D0759EA009FA550 /* Build configuration list for PBXProject "DogPen" */;
			compatibilityVersion = "Xcode 3.2";
			developmentRegion = English;
			hasScannedForEncodings = 0;
			knownRegions = (
				en,
				Base,
			);
			mainGroup = 53FF6EDA1D0759EA009FA550;
			productRefGroup = 53FF6EE41D0759EA009FA550 /* Products */;
			projectDirPath = "";
			projectRoot = "";
			targets = (
				53FF6EE21D0759EA009FA550 /* DogPen */,
			);
		};
/* End PBXProject section */

/* Begin PBXResourcesBuildPhase section */
		53FF6EE11D0759EA009FA550 /* Resources */ = {
			isa = PBXResourcesBuildPhase;
			buildActionMask = 2147483647;
			files = (
				53FF6EF11D0759EB009FA550 /* LaunchScreen.storyboard in Resources */,
				53D999111D0765F3009ABC4F /* DogPen.plist in Resources */,
				53FF6EEE1D0759EB009FA550 /* Assets.xcassets in Resources */,
				53FF6EEC1D0759EB009FA550 /* Main.storyboard in Resources */,
			);
			runOnlyForDeploymentPostprocessing = 0;
		};
/* End PBXResourcesBuildPhase section */

/* Begin PBXSourcesBuildPhase section */
		53FF6EDF1D0759EA009FA550 /* Sources */ = {
			isa = PBXSourcesBuildPhase;
			buildActionMask = 2147483647;
			files = (
				53D999191D07908B009ABC4F /* DogPenOverlayView.swift in Sources */,
				5339743D1D0B56E900BAA488 /* DogPennAnnotationView.swift in Sources */,
				53FF6EE91D0759EB009FA550 /* ViewController.swift in Sources */,
				53FF6EE71D0759EB009FA550 /* AppDelegate.swift in Sources */,
				53D9991A1D07908B009ABC4F /* DogPenOverlay.swift in Sources */,
				53D999151D0767A4009ABC4F /* DogPenModel.swift in Sources */,
				5339743B1D0B55F700BAA488 /* DogPenAnnotations.swift in Sources */,
			);
			runOnlyForDeploymentPostprocessing = 0;
		};
/* End PBXSourcesBuildPhase section */

/* Begin PBXVariantGroup section */
		53FF6EEA1D0759EB009FA550 /* Main.storyboard */ = {
			isa = PBXVariantGroup;
			children = (
				53FF6EEB1D0759EB009FA550 /* Base */,
			);
			name = Main.storyboard;
			sourceTree = "<group>";
		};
		53FF6EEF1D0759EB009FA550 /* LaunchScreen.storyboard */ = {
			isa = PBXVariantGroup;
			children = (
				53FF6EF01D0759EB009FA550 /* Base */,
			);
			name = LaunchScreen.storyboard;
			sourceTree = "<group>";
		};
/* End PBXVariantGroup section */

/* Begin XCBuildConfiguration section */
		53FF6EF31D0759EB009FA550 /* Debug */ = {
			isa = XCBuildConfiguration;
			buildSettings = {
				ALWAYS_SEARCH_USER_PATHS = NO;
				CLANG_ANALYZER_NONNULL = YES;
				CLANG_CXX_LANGUAGE_STANDARD = "gnu++0x";
				CLANG_CXX_LIBRARY = "libc++";
				CLANG_ENABLE_MODULES = YES;
				CLANG_ENABLE_OBJC_ARC = YES;
				CLANG_WARN_BOOL_CONVERSION = YES;
				CLANG_WARN_CONSTANT_CONVERSION = YES;
				CLANG_WARN_DIRECT_OBJC_ISA_USAGE = YES_ERROR;
				CLANG_WARN_EMPTY_BODY = YES;
				CLANG_WARN_ENUM_CONVERSION = YES;
				CLANG_WARN_INT_CONVERSION = YES;
				CLANG_WARN_OBJC_ROOT_CLASS = YES_ERROR;
				CLANG_WARN_UNREACHABLE_CODE = YES;
				CLANG_WARN__DUPLICATE_METHOD_MATCH = YES;
				"CODE_SIGN_IDENTITY[sdk=iphoneos*]" = "iPhone Developer";
				COPY_PHASE_STRIP = NO;
				DEBUG_INFORMATION_FORMAT = dwarf;
				ENABLE_STRICT_OBJC_MSGSEND = YES;
				ENABLE_TESTABILITY = YES;
				GCC_C_LANGUAGE_STANDARD = gnu99;
				GCC_DYNAMIC_NO_PIC = NO;
				GCC_NO_COMMON_BLOCKS = YES;
				GCC_OPTIMIZATION_LEVEL = 0;
				GCC_PREPROCESSOR_DEFINITIONS = (
					"DEBUG=1",
					"$(inherited)",
				);
				GCC_WARN_64_TO_32_BIT_CONVERSION = YES;
				GCC_WARN_ABOUT_RETURN_TYPE = YES_ERROR;
				GCC_WARN_UNDECLARED_SELECTOR = YES;
				GCC_WARN_UNINITIALIZED_AUTOS = YES_AGGRESSIVE;
				GCC_WARN_UNUSED_FUNCTION = YES;
				GCC_WARN_UNUSED_VARIABLE = YES;
				IPHONEOS_DEPLOYMENT_TARGET = 9.3;
				MTL_ENABLE_DEBUG_INFO = YES;
				ONLY_ACTIVE_ARCH = YES;
				SDKROOT = iphoneos;
				SWIFT_OPTIMIZATION_LEVEL = "-Onone";
			};
			name = Debug;
		};
		53FF6EF41D0759EB009FA550 /* Release */ = {
			isa = XCBuildConfiguration;
			buildSettings = {
				ALWAYS_SEARCH_USER_PATHS = NO;
				CLANG_ANALYZER_NONNULL = YES;
				CLANG_CXX_LANGUAGE_STANDARD = "gnu++0x";
				CLANG_CXX_LIBRARY = "libc++";
				CLANG_ENABLE_MODULES = YES;
				CLANG_ENABLE_OBJC_ARC = YES;
				CLANG_WARN_BOOL_CONVERSION = YES;
				CLANG_WARN_CONSTANT_CONVERSION = YES;
				CLANG_WARN_DIRECT_OBJC_ISA_USAGE = YES_ERROR;
				CLANG_WARN_EMPTY_BODY = YES;
				CLANG_WARN_ENUM_CONVERSION = YES;
				CLANG_WARN_INT_CONVERSION = YES;
				CLANG_WARN_OBJC_ROOT_CLASS = YES_ERROR;
				CLANG_WARN_UNREACHABLE_CODE = YES;
				CLANG_WARN__DUPLICATE_METHOD_MATCH = YES;
				"CODE_SIGN_IDENTITY[sdk=iphoneos*]" = "iPhone Developer";
				COPY_PHASE_STRIP = NO;
				DEBUG_INFORMATION_FORMAT = "dwarf-with-dsym";
				ENABLE_NS_ASSERTIONS = NO;
				ENABLE_STRICT_OBJC_MSGSEND = YES;
				GCC_C_LANGUAGE_STANDARD = gnu99;
				GCC_NO_COMMON_BLOCKS = YES;
				GCC_WARN_64_TO_32_BIT_CONVERSION = YES;
				GCC_WARN_ABOUT_RETURN_TYPE = YES_ERROR;
				GCC_WARN_UNDECLARED_SELECTOR = YES;
				GCC_WARN_UNINITIALIZED_AUTOS = YES_AGGRESSIVE;
				GCC_WARN_UNUSED_FUNCTION = YES;
				GCC_WARN_UNUSED_VARIABLE = YES;
				IPHONEOS_DEPLOYMENT_TARGET = 9.3;
				MTL_ENABLE_DEBUG_INFO = NO;
				SDKROOT = iphoneos;
				VALIDATE_PRODUCT = YES;
			};
			name = Release;
		};
		53FF6EF61D0759EB009FA550 /* Debug */ = {
			isa = XCBuildConfiguration;
			buildSettings = {
				ASSETCATALOG_COMPILER_APPICON_NAME = AppIcon;
				INFOPLIST_FILE = DogPen/Info.plist;
				LD_RUNPATH_SEARCH_PATHS = "$(inherited) @executable_path/Frameworks";
				PRODUCT_BUNDLE_IDENTIFIER = russinnova.DogPen;
				PRODUCT_NAME = "$(TARGET_NAME)";
			};
			name = Debug;
		};
		53FF6EF71D0759EB009FA550 /* Release */ = {
			isa = XCBuildConfiguration;
			buildSettings = {
				ASSETCATALOG_COMPILER_APPICON_NAME = AppIcon;
				INFOPLIST_FILE = DogPen/Info.plist;
				LD_RUNPATH_SEARCH_PATHS = "$(inherited) @executable_path/Frameworks";
				PRODUCT_BUNDLE_IDENTIFIER = russinnova.DogPen;
				PRODUCT_NAME = "$(TARGET_NAME)";
			};
			name = Release;
		};
/* End XCBuildConfiguration section */

/* Begin XCConfigurationList section */
		53FF6EDE1D0759EA009FA550 /* Build configuration list for PBXProject "DogPen" */ = {
			isa = XCConfigurationList;
			buildConfigurations = (
				53FF6EF31D0759EB009FA550 /* Debug */,
				53FF6EF41D0759EB009FA550 /* Release */,
			);
			defaultConfigurationIsVisible = 0;
			defaultConfigurationName = Release;
		};
		53FF6EF51D0759EB009FA550 /* Build configuration list for PBXNativeTarget "DogPen" */ = {
			isa = XCConfigurationList;
			buildConfigurations = (
				53FF6EF61D0759EB009FA550 /* Debug */,
				53FF6EF71D0759EB009FA550 /* Release */,
			);
			defaultConfigurationIsVisible = 0;
			defaultConfigurationName = Release;
		};
/* End XCConfigurationList section */
	};
	rootObject = 53FF6EDB1D0759EA009FA550 /* Project object */;
}
